{
  "version": 4,
  "terraform_version": "1.11.2",
  "serial": 21,
  "lineage": "400fe1da-7dfe-2393-4f9c-96384b0cf77a",
  "outputs": {
    "public_ip": {
      "value": "108.143.140.145",
      "type": "string"
    },
    "storage_account_name": {
      "value": "adrienstorageacct",
      "type": "string"
    },
    "vm_public_ip": {
      "value": "108.143.140.145",
      "type": "string"
    }
  },
  "resources": [
    {
      "mode": "managed",
      "type": "azurerm_linux_virtual_machine",
      "name": "adrien",
      "provider": "provider[\"registry.terraform.io/hashicorp/azurerm\"]",
      "instances": [
        {
          "schema_version": 0,
          "attributes": {
            "additional_capabilities": [],
            "admin_password": "Adrien@drien10",
            "admin_ssh_key": [],
            "admin_username": "adrien",
            "allow_extension_operations": true,
            "availability_set_id": "",
            "boot_diagnostics": [],
            "bypass_platform_safety_checks_on_user_schedule_enabled": false,
            "capacity_reservation_group_id": "",
            "computer_name": "flask-vm",
            "custom_data": null,
            "dedicated_host_group_id": "",
            "dedicated_host_id": "",
            "disable_password_authentication": false,
            "disk_controller_type": "",
            "edge_zone": "",
            "encryption_at_host_enabled": false,
            "eviction_policy": "",
            "extensions_time_budget": "PT1H30M",
            "gallery_application": [],
            "id": "/subscriptions/d18efcbe-caa9-4004-ac2c-7312261e11de/resourceGroups/infonuagique-resource-group/providers/Microsoft.Compute/virtualMachines/flask-vm",
            "identity": [
              {
                "identity_ids": [
                  "/subscriptions/d18efcbe-caa9-4004-ac2c-7312261e11de/resourceGroups/infonuagique-resource-group/providers/Microsoft.ManagedIdentity/userAssignedIdentities/adrien-identity"
                ],
                "principal_id": "",
                "tenant_id": "",
                "type": "UserAssigned"
              }
            ],
            "license_type": "",
            "location": "westeurope",
            "max_bid_price": -1,
            "name": "flask-vm",
            "network_interface_ids": [
              "/subscriptions/d18efcbe-caa9-4004-ac2c-7312261e11de/resourceGroups/infonuagique-resource-group/providers/Microsoft.Network/networkInterfaces/adrien-nic"
            ],
            "os_disk": [
              {
                "caching": "ReadWrite",
                "diff_disk_settings": [],
                "disk_encryption_set_id": "",
                "disk_size_gb": 30,
                "id": "/subscriptions/d18efcbe-caa9-4004-ac2c-7312261e11de/resourceGroups/infonuagique-resource-group/providers/Microsoft.Compute/disks/adrien-os-disk",
                "name": "adrien-os-disk",
                "secure_vm_disk_encryption_set_id": "",
                "security_encryption_type": "",
                "storage_account_type": "Standard_LRS",
                "write_accelerator_enabled": false
              }
            ],
            "os_image_notification": [],
            "patch_assessment_mode": "ImageDefault",
            "patch_mode": "ImageDefault",
            "plan": [],
            "platform_fault_domain": -1,
            "priority": "Regular",
            "private_ip_address": "10.0.1.4",
            "private_ip_addresses": [
              "10.0.1.4"
            ],
            "provision_vm_agent": true,
            "proximity_placement_group_id": "",
            "public_ip_address": "108.143.140.145",
            "public_ip_addresses": [
              "108.143.140.145"
            ],
            "reboot_setting": "",
            "resource_group_name": "infonuagique-resource-group",
            "secret": [],
            "secure_boot_enabled": false,
            "size": "Standard_B1s",
            "source_image_id": "",
            "source_image_reference": [
              {
                "offer": "UbuntuServer",
                "publisher": "Canonical",
                "sku": "18.04-LTS",
                "version": "latest"
              }
            ],
            "tags": {
              "environment": "dev"
            },
            "termination_notification": [],
            "timeouts": null,
            "user_data": "",
            "virtual_machine_id": "a4f7b448-71c7-449e-a408-ad8c5b09edc2",
            "virtual_machine_scale_set_id": "",
            "vm_agent_platform_updates_enabled": false,
            "vtpm_enabled": false,
            "zone": ""
          },
          "sensitive_attributes": [
            [
              {
                "type": "get_attr",
                "value": "custom_data"
              }
            ],
            [
              {
                "type": "get_attr",
                "value": "admin_password"
              }
            ]
          ],
          "private": "eyJlMmJmYjczMC1lY2FhLTExZTYtOGY4OC0zNDM2M2JjN2M0YzAiOnsiY3JlYXRlIjoyNzAwMDAwMDAwMDAwLCJkZWxldGUiOjI3MDAwMDAwMDAwMDAsInJlYWQiOjMwMDAwMDAwMDAwMCwidXBkYXRlIjoyNzAwMDAwMDAwMDAwfX0=",
          "dependencies": [
            "azurerm_network_interface.adrien",
            "azurerm_public_ip.adrien",
            "azurerm_resource_group.adrien",
            "azurerm_subnet.adrien",
            "azurerm_user_assigned_identity.adrien",
            "azurerm_virtual_network.adrien"
          ]
        }
      ]
    },
    {
      "mode": "managed",
      "type": "azurerm_network_interface",
      "name": "adrien",
      "provider": "provider[\"registry.terraform.io/hashicorp/azurerm\"]",
      "instances": [
        {
          "schema_version": 0,
          "attributes": {
            "accelerated_networking_enabled": false,
            "applied_dns_servers": [],
            "auxiliary_mode": "",
            "auxiliary_sku": "",
            "dns_servers": [],
            "edge_zone": "",
            "id": "/subscriptions/d18efcbe-caa9-4004-ac2c-7312261e11de/resourceGroups/infonuagique-resource-group/providers/Microsoft.Network/networkInterfaces/adrien-nic",
            "internal_dns_name_label": "",
            "internal_domain_name_suffix": "5xgpey0orexurcapqigxt2tx2a.ax.internal.cloudapp.net",
            "ip_configuration": [
              {
                "gateway_load_balancer_frontend_ip_configuration_id": "",
                "name": "internal",
                "primary": true,
                "private_ip_address": "10.0.1.4",
                "private_ip_address_allocation": "Dynamic",
                "private_ip_address_version": "IPv4",
                "public_ip_address_id": "/subscriptions/d18efcbe-caa9-4004-ac2c-7312261e11de/resourceGroups/infonuagique-resource-group/providers/Microsoft.Network/publicIPAddresses/adrien-public-ip",
                "subnet_id": "/subscriptions/d18efcbe-caa9-4004-ac2c-7312261e11de/resourceGroups/infonuagique-resource-group/providers/Microsoft.Network/virtualNetworks/adrien-network/subnets/adrien-subnet"
              }
            ],
            "ip_forwarding_enabled": false,
            "location": "westeurope",
            "mac_address": "7C-1E-52-60-CF-F1",
            "name": "adrien-nic",
            "private_ip_address": "10.0.1.4",
            "private_ip_addresses": [
              "10.0.1.4"
            ],
            "resource_group_name": "infonuagique-resource-group",
            "tags": {},
            "timeouts": null,
            "virtual_machine_id": "/subscriptions/d18efcbe-caa9-4004-ac2c-7312261e11de/resourceGroups/infonuagique-resource-group/providers/Microsoft.Compute/virtualMachines/flask-vm"
          },
          "sensitive_attributes": [],
          "private": "eyJlMmJmYjczMC1lY2FhLTExZTYtOGY4OC0zNDM2M2JjN2M0YzAiOnsiY3JlYXRlIjoxODAwMDAwMDAwMDAwLCJkZWxldGUiOjE4MDAwMDAwMDAwMDAsInJlYWQiOjMwMDAwMDAwMDAwMCwidXBkYXRlIjoxODAwMDAwMDAwMDAwfX0=",
          "dependencies": [
            "azurerm_public_ip.adrien",
            "azurerm_resource_group.adrien",
            "azurerm_subnet.adrien",
            "azurerm_virtual_network.adrien"
          ]
        }
      ]
    },
    {
      "mode": "managed",
      "type": "azurerm_network_interface_security_group_association",
      "name": "adrien",
      "provider": "provider[\"registry.terraform.io/hashicorp/azurerm\"]",
      "instances": [
        {
          "schema_version": 0,
          "attributes": {
            "id": "/subscriptions/d18efcbe-caa9-4004-ac2c-7312261e11de/resourceGroups/infonuagique-resource-group/providers/Microsoft.Network/networkInterfaces/adrien-nic|/subscriptions/d18efcbe-caa9-4004-ac2c-7312261e11de/resourceGroups/infonuagique-resource-group/providers/Microsoft.Network/networkSecurityGroups/adrien-nsg",
            "network_interface_id": "/subscriptions/d18efcbe-caa9-4004-ac2c-7312261e11de/resourceGroups/infonuagique-resource-group/providers/Microsoft.Network/networkInterfaces/adrien-nic",
            "network_security_group_id": "/subscriptions/d18efcbe-caa9-4004-ac2c-7312261e11de/resourceGroups/infonuagique-resource-group/providers/Microsoft.Network/networkSecurityGroups/adrien-nsg",
            "timeouts": null
          },
          "sensitive_attributes": [],
          "private": "eyJlMmJmYjczMC1lY2FhLTExZTYtOGY4OC0zNDM2M2JjN2M0YzAiOnsiY3JlYXRlIjoxODAwMDAwMDAwMDAwLCJkZWxldGUiOjE4MDAwMDAwMDAwMDAsInJlYWQiOjMwMDAwMDAwMDAwMH19",
          "dependencies": [
            "azurerm_network_interface.adrien",
            "azurerm_network_security_group.adrien",
            "azurerm_public_ip.adrien",
            "azurerm_resource_group.adrien",
            "azurerm_subnet.adrien",
            "azurerm_virtual_network.adrien"
          ]
        }
      ]
    },
    {
      "mode": "managed",
      "type": "azurerm_network_security_group",
      "name": "adrien",
      "provider": "provider[\"registry.terraform.io/hashicorp/azurerm\"]",
      "instances": [
        {
          "schema_version": 0,
          "attributes": {
            "id": "/subscriptions/d18efcbe-caa9-4004-ac2c-7312261e11de/resourceGroups/infonuagique-resource-group/providers/Microsoft.Network/networkSecurityGroups/adrien-nsg",
            "location": "westeurope",
            "name": "adrien-nsg",
            "resource_group_name": "infonuagique-resource-group",
            "security_rule": [
              {
                "access": "Allow",
                "description": "",
                "destination_address_prefix": "*",
                "destination_address_prefixes": [],
                "destination_application_security_group_ids": [],
                "destination_port_range": "22",
                "destination_port_ranges": [],
                "direction": "Inbound",
                "name": "Allow-SSH",
                "priority": 2000,
                "protocol": "Tcp",
                "source_address_prefix": "*",
                "source_address_prefixes": [],
                "source_application_security_group_ids": [],
                "source_port_range": "*",
                "source_port_ranges": []
              },
              {
                "access": "Allow",
                "description": "",
                "destination_address_prefix": "*",
                "destination_address_prefixes": [],
                "destination_application_security_group_ids": [],
                "destination_port_range": "5000",
                "destination_port_ranges": [],
                "direction": "Inbound",
                "name": "Allow-Flask",
                "priority": 3000,
                "protocol": "Tcp",
                "source_address_prefix": "*",
                "source_address_prefixes": [],
                "source_application_security_group_ids": [],
                "source_port_range": "*",
                "source_port_ranges": []
              },
              {
                "access": "Allow",
                "description": "",
                "destination_address_prefix": "*",
                "destination_address_prefixes": [],
                "destination_application_security_group_ids": [],
                "destination_port_range": "80",
                "destination_port_ranges": [],
                "direction": "Inbound",
                "name": "Allow-HTTP",
                "priority": 1000,
                "protocol": "Tcp",
                "source_address_prefix": "*",
                "source_address_prefixes": [],
                "source_application_security_group_ids": [],
                "source_port_range": "*",
                "source_port_ranges": []
              }
            ],
            "tags": {},
            "timeouts": null
          },
          "sensitive_attributes": [],
          "private": "eyJlMmJmYjczMC1lY2FhLTExZTYtOGY4OC0zNDM2M2JjN2M0YzAiOnsiY3JlYXRlIjoxODAwMDAwMDAwMDAwLCJkZWxldGUiOjE4MDAwMDAwMDAwMDAsInJlYWQiOjMwMDAwMDAwMDAwMCwidXBkYXRlIjoxODAwMDAwMDAwMDAwfX0=",
          "dependencies": [
            "azurerm_resource_group.adrien"
          ]
        }
      ]
    },
    {
      "mode": "managed",
      "type": "azurerm_public_ip",
      "name": "adrien",
      "provider": "provider[\"registry.terraform.io/hashicorp/azurerm\"]",
      "instances": [
        {
          "schema_version": 0,
          "attributes": {
            "allocation_method": "Static",
            "ddos_protection_mode": "VirtualNetworkInherited",
            "ddos_protection_plan_id": null,
            "domain_name_label": null,
            "domain_name_label_scope": null,
            "edge_zone": "",
            "fqdn": null,
            "id": "/subscriptions/d18efcbe-caa9-4004-ac2c-7312261e11de/resourceGroups/infonuagique-resource-group/providers/Microsoft.Network/publicIPAddresses/adrien-public-ip",
            "idle_timeout_in_minutes": 4,
            "ip_address": "108.143.140.145",
            "ip_tags": {},
            "ip_version": "IPv4",
            "location": "westeurope",
            "name": "adrien-public-ip",
            "public_ip_prefix_id": null,
            "resource_group_name": "infonuagique-resource-group",
            "reverse_fqdn": null,
            "sku": "Standard",
            "sku_tier": "Regional",
            "tags": {},
            "timeouts": null,
            "zones": []
          },
          "sensitive_attributes": [],
          "private": "eyJlMmJmYjczMC1lY2FhLTExZTYtOGY4OC0zNDM2M2JjN2M0YzAiOnsiY3JlYXRlIjoxODAwMDAwMDAwMDAwLCJkZWxldGUiOjE4MDAwMDAwMDAwMDAsInJlYWQiOjMwMDAwMDAwMDAwMCwidXBkYXRlIjoxODAwMDAwMDAwMDAwfX0=",
          "dependencies": [
            "azurerm_resource_group.adrien"
          ]
        }
      ]
    },
    {
      "mode": "managed",
      "type": "azurerm_resource_group",
      "name": "adrien",
      "provider": "provider[\"registry.terraform.io/hashicorp/azurerm\"]",
      "instances": [
        {
          "schema_version": 0,
          "attributes": {
            "id": "/subscriptions/d18efcbe-caa9-4004-ac2c-7312261e11de/resourceGroups/infonuagique-resource-group",
            "location": "westeurope",
            "managed_by": "",
            "name": "infonuagique-resource-group",
            "tags": {},
            "timeouts": null
          },
          "sensitive_attributes": [],
          "private": "eyJlMmJmYjczMC1lY2FhLTExZTYtOGY4OC0zNDM2M2JjN2M0YzAiOnsiY3JlYXRlIjo1NDAwMDAwMDAwMDAwLCJkZWxldGUiOjU0MDAwMDAwMDAwMDAsInJlYWQiOjMwMDAwMDAwMDAwMCwidXBkYXRlIjo1NDAwMDAwMDAwMDAwfX0="
        }
      ]
    },
    {
      "mode": "managed",
      "type": "azurerm_storage_account",
      "name": "adrien",
      "provider": "provider[\"registry.terraform.io/hashicorp/azurerm\"]",
      "instances": [
        {
          "schema_version": 4,
          "attributes": {
            "access_tier": "Hot",
            "account_kind": "StorageV2",
            "account_replication_type": "LRS",
            "account_tier": "Standard",
            "allow_nested_items_to_be_public": true,
            "allowed_copy_scope": "",
            "azure_files_authentication": [],
            "blob_properties": [
              {
                "change_feed_enabled": false,
                "change_feed_retention_in_days": 0,
                "container_delete_retention_policy": [],
                "cors_rule": [],
                "default_service_version": "",
                "delete_retention_policy": [],
                "last_access_time_enabled": false,
                "restore_policy": [],
                "versioning_enabled": false
              }
            ],
            "cross_tenant_replication_enabled": false,
            "custom_domain": [],
            "customer_managed_key": [],
            "default_to_oauth_authentication": false,
            "dns_endpoint_type": "Standard",
            "edge_zone": "",
            "https_traffic_only_enabled": true,
            "id": "/subscriptions/d18efcbe-caa9-4004-ac2c-7312261e11de/resourceGroups/infonuagique-resource-group/providers/Microsoft.Storage/storageAccounts/adrienstorageacct",
            "identity": [],
            "immutability_policy": [],
            "infrastructure_encryption_enabled": false,
            "is_hns_enabled": false,
            "large_file_share_enabled": false,
            "local_user_enabled": true,
            "location": "westeurope",
            "min_tls_version": "TLS1_2",
            "name": "adrienstorageacct",
            "network_rules": [],
            "nfsv3_enabled": false,
            "primary_access_key": "VMMk39M4oV8BfcoCM4X2z8ENYsuvd8XVbl0U5Mlz9JiD69cCCkwkqJjDYVXeQHyOxq5SaZCditTo+AStbQUGgw==",
            "primary_blob_connection_string": "DefaultEndpointsProtocol=https;BlobEndpoint=https://adrienstorageacct.blob.core.windows.net/;AccountName=adrienstorageacct;AccountKey=VMMk39M4oV8BfcoCM4X2z8ENYsuvd8XVbl0U5Mlz9JiD69cCCkwkqJjDYVXeQHyOxq5SaZCditTo+AStbQUGgw==",
            "primary_blob_endpoint": "https://adrienstorageacct.blob.core.windows.net/",
            "primary_blob_host": "adrienstorageacct.blob.core.windows.net",
            "primary_blob_internet_endpoint": "",
            "primary_blob_internet_host": "",
            "primary_blob_microsoft_endpoint": "",
            "primary_blob_microsoft_host": "",
            "primary_connection_string": "DefaultEndpointsProtocol=https;AccountName=adrienstorageacct;AccountKey=VMMk39M4oV8BfcoCM4X2z8ENYsuvd8XVbl0U5Mlz9JiD69cCCkwkqJjDYVXeQHyOxq5SaZCditTo+AStbQUGgw==;EndpointSuffix=core.windows.net",
            "primary_dfs_endpoint": "https://adrienstorageacct.dfs.core.windows.net/",
            "primary_dfs_host": "adrienstorageacct.dfs.core.windows.net",
            "primary_dfs_internet_endpoint": "",
            "primary_dfs_internet_host": "",
            "primary_dfs_microsoft_endpoint": "",
            "primary_dfs_microsoft_host": "",
            "primary_file_endpoint": "https://adrienstorageacct.file.core.windows.net/",
            "primary_file_host": "adrienstorageacct.file.core.windows.net",
            "primary_file_internet_endpoint": "",
            "primary_file_internet_host": "",
            "primary_file_microsoft_endpoint": "",
            "primary_file_microsoft_host": "",
            "primary_location": "westeurope",
            "primary_queue_endpoint": "https://adrienstorageacct.queue.core.windows.net/",
            "primary_queue_host": "adrienstorageacct.queue.core.windows.net",
            "primary_queue_microsoft_endpoint": "",
            "primary_queue_microsoft_host": "",
            "primary_table_endpoint": "https://adrienstorageacct.table.core.windows.net/",
            "primary_table_host": "adrienstorageacct.table.core.windows.net",
            "primary_table_microsoft_endpoint": "",
            "primary_table_microsoft_host": "",
            "primary_web_endpoint": "https://adrienstorageacct.z6.web.core.windows.net/",
            "primary_web_host": "adrienstorageacct.z6.web.core.windows.net",
            "primary_web_internet_endpoint": "",
            "primary_web_internet_host": "",
            "primary_web_microsoft_endpoint": "",
            "primary_web_microsoft_host": "",
            "public_network_access_enabled": true,
            "queue_encryption_key_type": "Service",
            "queue_properties": [
              {
                "cors_rule": [],
                "hour_metrics": [
                  {
                    "enabled": false,
                    "include_apis": false,
                    "retention_policy_days": 0,
                    "version": "1.0"
                  }
                ],
                "logging": [
                  {
                    "delete": false,
                    "read": false,
                    "retention_policy_days": 0,
                    "version": "1.0",
                    "write": false
                  }
                ],
                "minute_metrics": [
                  {
                    "enabled": false,
                    "include_apis": false,
                    "retention_policy_days": 0,
                    "version": "1.0"
                  }
                ]
              }
            ],
            "resource_group_name": "infonuagique-resource-group",
            "routing": [],
            "sas_policy": [],
            "secondary_access_key": "FalWKAcIEMTK9kBPERT+2knmOAJ62vw9UffVbKNPjAuYeFw/tB5Doc/BoTm2sR4c/9QdTZODouFA+ASt4XWAZw==",
            "secondary_blob_connection_string": "",
            "secondary_blob_endpoint": "",
            "secondary_blob_host": "",
            "secondary_blob_internet_endpoint": "",
            "secondary_blob_internet_host": "",
            "secondary_blob_microsoft_endpoint": "",
            "secondary_blob_microsoft_host": "",
            "secondary_connection_string": "DefaultEndpointsProtocol=https;AccountName=adrienstorageacct;AccountKey=FalWKAcIEMTK9kBPERT+2knmOAJ62vw9UffVbKNPjAuYeFw/tB5Doc/BoTm2sR4c/9QdTZODouFA+ASt4XWAZw==;EndpointSuffix=core.windows.net",
            "secondary_dfs_endpoint": "",
            "secondary_dfs_host": "",
            "secondary_dfs_internet_endpoint": "",
            "secondary_dfs_internet_host": "",
            "secondary_dfs_microsoft_endpoint": "",
            "secondary_dfs_microsoft_host": "",
            "secondary_file_endpoint": "",
            "secondary_file_host": "",
            "secondary_file_internet_endpoint": "",
            "secondary_file_internet_host": "",
            "secondary_file_microsoft_endpoint": "",
            "secondary_file_microsoft_host": "",
            "secondary_location": "",
            "secondary_queue_endpoint": "",
            "secondary_queue_host": "",
            "secondary_queue_microsoft_endpoint": "",
            "secondary_queue_microsoft_host": "",
            "secondary_table_endpoint": "",
            "secondary_table_host": "",
            "secondary_table_microsoft_endpoint": "",
            "secondary_table_microsoft_host": "",
            "secondary_web_endpoint": "",
            "secondary_web_host": "",
            "secondary_web_internet_endpoint": "",
            "secondary_web_internet_host": "",
            "secondary_web_microsoft_endpoint": "",
            "secondary_web_microsoft_host": "",
            "sftp_enabled": false,
            "share_properties": [
              {
                "cors_rule": [],
                "retention_policy": [
                  {
                    "days": 7
                  }
                ],
                "smb": []
              }
            ],
            "shared_access_key_enabled": true,
            "static_website": [],
            "table_encryption_key_type": "Service",
            "tags": {},
            "timeouts": null
          },
          "sensitive_attributes": [
            [
              {
                "type": "get_attr",
                "value": "primary_access_key"
              }
            ],
            [
              {
                "type": "get_attr",
                "value": "primary_connection_string"
              }
            ],
            [
              {
                "type": "get_attr",
                "value": "secondary_connection_string"
              }
            ],
            [
              {
                "type": "get_attr",
                "value": "secondary_access_key"
              }
            ],
            [
              {
                "type": "get_attr",
                "value": "secondary_blob_connection_string"
              }
            ],
            [
              {
                "type": "get_attr",
                "value": "primary_blob_connection_string"
              }
            ]
          ],
          "private": "eyJlMmJmYjczMC1lY2FhLTExZTYtOGY4OC0zNDM2M2JjN2M0YzAiOnsiY3JlYXRlIjozNjAwMDAwMDAwMDAwLCJkZWxldGUiOjM2MDAwMDAwMDAwMDAsInJlYWQiOjMwMDAwMDAwMDAwMCwidXBkYXRlIjozNjAwMDAwMDAwMDAwfSwic2NoZW1hX3ZlcnNpb24iOiI0In0=",
          "dependencies": [
            "azurerm_resource_group.adrien"
          ]
        }
      ]
    },
    {
      "mode": "managed",
      "type": "azurerm_storage_container",
      "name": "adrien",
      "provider": "provider[\"registry.terraform.io/hashicorp/azurerm\"]",
      "instances": [
        {
          "schema_version": 1,
          "attributes": {
            "container_access_type": "private",
            "default_encryption_scope": "$account-encryption-key",
            "encryption_scope_override_enabled": true,
            "has_immutability_policy": false,
            "has_legal_hold": false,
            "id": "https://adrienstorageacct.blob.core.windows.net/statics",
            "metadata": {},
            "name": "statics",
            "resource_manager_id": "/subscriptions/d18efcbe-caa9-4004-ac2c-7312261e11de/resourceGroups/infonuagique-resource-group/providers/Microsoft.Storage/storageAccounts/adrienstorageacct/blobServices/default/containers/statics",
            "storage_account_id": null,
            "storage_account_name": "adrienstorageacct",
            "timeouts": null
          },
          "sensitive_attributes": [],
          "private": "eyJlMmJmYjczMC1lY2FhLTExZTYtOGY4OC0zNDM2M2JjN2M0YzAiOnsiY3JlYXRlIjoxODAwMDAwMDAwMDAwLCJkZWxldGUiOjE4MDAwMDAwMDAwMDAsInJlYWQiOjMwMDAwMDAwMDAwMCwidXBkYXRlIjoxODAwMDAwMDAwMDAwfSwic2NoZW1hX3ZlcnNpb24iOiIxIn0=",
          "dependencies": [
            "azurerm_resource_group.adrien",
            "azurerm_storage_account.adrien"
          ]
        }
      ]
    },
    {
      "mode": "managed",
      "type": "azurerm_subnet",
      "name": "adrien",
      "provider": "provider[\"registry.terraform.io/hashicorp/azurerm\"]",
      "instances": [
        {
          "schema_version": 0,
          "attributes": {
            "address_prefixes": [
              "10.0.1.0/24"
            ],
            "default_outbound_access_enabled": true,
            "delegation": [],
            "id": "/subscriptions/d18efcbe-caa9-4004-ac2c-7312261e11de/resourceGroups/infonuagique-resource-group/providers/Microsoft.Network/virtualNetworks/adrien-network/subnets/adrien-subnet",
            "name": "adrien-subnet",
            "private_endpoint_network_policies": "Disabled",
            "private_link_service_network_policies_enabled": true,
            "resource_group_name": "infonuagique-resource-group",
            "service_endpoint_policy_ids": [],
            "service_endpoints": [],
            "timeouts": null,
            "virtual_network_name": "adrien-network"
          },
          "sensitive_attributes": [],
          "private": "eyJlMmJmYjczMC1lY2FhLTExZTYtOGY4OC0zNDM2M2JjN2M0YzAiOnsiY3JlYXRlIjoxODAwMDAwMDAwMDAwLCJkZWxldGUiOjE4MDAwMDAwMDAwMDAsInJlYWQiOjMwMDAwMDAwMDAwMCwidXBkYXRlIjoxODAwMDAwMDAwMDAwfX0=",
          "dependencies": [
            "azurerm_resource_group.adrien",
            "azurerm_virtual_network.adrien"
          ]
        }
      ]
    },
    {
      "mode": "managed",
      "type": "azurerm_user_assigned_identity",
      "name": "adrien",
      "provider": "provider[\"registry.terraform.io/hashicorp/azurerm\"]",
      "instances": [
        {
          "schema_version": 1,
          "attributes": {
            "client_id": "5e70c807-2f2c-4cfe-a0cb-7eaf7abc829a",
            "id": "/subscriptions/d18efcbe-caa9-4004-ac2c-7312261e11de/resourceGroups/infonuagique-resource-group/providers/Microsoft.ManagedIdentity/userAssignedIdentities/adrien-identity",
            "location": "westeurope",
            "name": "adrien-identity",
            "principal_id": "3e54237d-8b52-4499-a8b0-289585b5662a",
            "resource_group_name": "infonuagique-resource-group",
            "tags": {},
            "tenant_id": "69096e23-de16-434e-8ee5-d26dc298868f",
            "timeouts": null
          },
          "sensitive_attributes": [],
          "private": "eyJlMmJmYjczMC1lY2FhLTExZTYtOGY4OC0zNDM2M2JjN2M0YzAiOnsiY3JlYXRlIjoxODAwMDAwMDAwMDAwLCJkZWxldGUiOjE4MDAwMDAwMDAwMDAsInJlYWQiOjMwMDAwMDAwMDAwMCwidXBkYXRlIjoxODAwMDAwMDAwMDAwfSwic2NoZW1hX3ZlcnNpb24iOiIxIn0=",
          "dependencies": [
            "azurerm_resource_group.adrien"
          ]
        }
      ]
    },
    {
      "mode": "managed",
      "type": "azurerm_virtual_network",
      "name": "adrien",
      "provider": "provider[\"registry.terraform.io/hashicorp/azurerm\"]",
      "instances": [
        {
          "schema_version": 0,
          "attributes": {
            "address_space": [
              "10.0.0.0/16"
            ],
            "bgp_community": "",
            "ddos_protection_plan": [],
            "dns_servers": [],
            "edge_zone": "",
            "encryption": [],
            "flow_timeout_in_minutes": 0,
            "guid": "63f2ccfd-894e-482f-880f-820d79f277e0",
            "id": "/subscriptions/d18efcbe-caa9-4004-ac2c-7312261e11de/resourceGroups/infonuagique-resource-group/providers/Microsoft.Network/virtualNetworks/adrien-network",
            "location": "westeurope",
            "name": "adrien-network",
            "private_endpoint_vnet_policies": "Disabled",
            "resource_group_name": "infonuagique-resource-group",
            "subnet": [
              {
                "address_prefixes": [
                  "10.0.1.0/24"
                ],
                "default_outbound_access_enabled": true,
                "delegation": [],
                "id": "/subscriptions/d18efcbe-caa9-4004-ac2c-7312261e11de/resourceGroups/infonuagique-resource-group/providers/Microsoft.Network/virtualNetworks/adrien-network/subnets/adrien-subnet",
                "name": "adrien-subnet",
                "private_endpoint_network_policies": "Disabled",
                "private_link_service_network_policies_enabled": true,
                "route_table_id": "",
                "security_group": "",
                "service_endpoint_policy_ids": [],
                "service_endpoints": []
              }
            ],
            "tags": {},
            "timeouts": null
          },
          "sensitive_attributes": [],
          "private": "eyJlMmJmYjczMC1lY2FhLTExZTYtOGY4OC0zNDM2M2JjN2M0YzAiOnsiY3JlYXRlIjoxODAwMDAwMDAwMDAwLCJkZWxldGUiOjE4MDAwMDAwMDAwMDAsInJlYWQiOjMwMDAwMDAwMDAwMCwidXBkYXRlIjoxODAwMDAwMDAwMDAwfX0=",
          "dependencies": [
            "azurerm_resource_group.adrien"
          ]
        }
      ]
    }
  ],
  "check_results": null
}
